{
  "nodes": {
    "nixpkgs": {
      "locked": {
        "lastModified": 1766885793,
        "narHash": "sha256-P6RVkrM9JLCW6xBjSwHfgTOQ1JwBUma5xe5LI8xAPC0=",
        "owner": "nixos",
        "repo": "nixpkgs",
        "rev": "9ef261221d1e72399f2036786498d78c38185c46",
        "type": "github"
      },
      "original": {
        "owner": "nixos",
        "ref": "nixos-25.11",
        "repo": "nixpkgs",
        "type": "github"
      }
    },
    "root": {
      "inputs": {
        "nixpkgs": "nixpkgs",
        "rustpkgs": "rustpkgs",
        "treefmt-nix": "treefmt-nix"
      }
    },
    "rustpkgs": {
      "inputs": {
        "nixpkgs": [
          "nixpkgs"
        ]
      },
      "locked": {
        "lastModified": 1767495280,
        "narHash": "sha256-hEEgtE/RSRigw8xscchGymf/t1nluZwTfru4QF6O1CQ=",
        "owner": "oxalica",
        "repo": "rust-overlay",
        "rev": "cb24c5cc207ba8e9a4ce245eedd2d37c3a988bc1",
        "type": "github"
      },
      "original": {
        "owner": "oxalica",
        "repo": "rust-overlay",
        "type": "github"
      }
    },
    "treefmt-nix": {
      "inputs": {
        "nixpkgs": [
          "nixpkgs"
        ]
      },
      "locked": {
        "lastModified": 1767086983,
        "narHash": "sha256-l4c8HQkgsB15BUZI1SHLAZHQ7822iIkJtOsdIuXIO4s=",
        "owner": "numtide",
        "repo": "treefmt-nix",
        "rev": "c9eb5bb179067ddced348aca023a3fbf8b5832c5",
        "type": "github"
      },
      "original": {
        "owner": "numtide",
        "repo": "treefmt-nix",
        "type": "github"
      }
    }
  },
  "root": "root",
  "version": 7
}
